
Microsoft Visual Studio Solution File, Format Version 12.00
# Visual Studio Version 17
VisualStudioVersion = 17.4.33213.308
MinimumVisualStudioVersion = 10.0.40219.1
Project("{FAE04EC0-301F-11D3-BF4B-00C04F79EFBC}") = "ConsoleApp65", "ConsoleApp65\ConsoleApp65.csproj", "{4445BC70-DB59-4176-BB83-E22850B2A33B}"
EndProject
Global
	GlobalSection(SolutionConfigurationPlatforms) = preSolution
		Debug|Any CPU = Debug|Any CPU
		Release|Any CPU = Release|Any CPU
	EndGlobalSection
	GlobalSection(ProjectConfigurationPlatforms) = postSolution
		{4445BC70-DB59-4176-BB83-E22850B2A33B}.Debug|Any CPU.ActiveCfg = Debug|Any CPU
		{4445BC70-DB59-4176-BB83-E22850B2A33B}.Debug|Any CPU.Build.0 = Debug|Any CPU
		{4445BC70-DB59-4176-BB83-E22850B2A33B}.Release|Any CPU.ActiveCfg = Release|Any CPU
		{4445BC70-DB59-4176-BB83-E22850B2A33B}.Release|Any CPU.Build.0 = Release|Any CPU
	EndGlobalSection
	GlobalSection(SolutionProperties) = preSolution
		HideSolutionNode = FALSE
	EndGlobalSection
	GlobalSection(ExtensibilityGlobals) = postSolution
		SolutionGuid = {ED2BDE05-6F01-4F60-93E7-6C352DA4827E}
	EndGlobalSection
EndGlobal
